
Microsoft Visual Studio Solution File, Format Version 12.00
# Visual Studio Version 17
VisualStudioVersion = 17.9.34723.18
MinimumVisualStudioVersion = 10.0.40219.1
Project("{FAE04EC0-301F-11D3-BF4B-00C04F79EFBC}") = "Expenses", "Expenses.csproj", "{38E52990-D001-4FD4-813F-D9316ED406DE}"
EndProject
Project("{2150E333-8FDC-42A3-9474-1A3956D46DE8}") = "src", "src", "{CDA7B63C-4B33-43BA-88BF-B6D363F511AB}"
EndProject
Project("{2150E333-8FDC-42A3-9474-1A3956D46DE8}") = "Test", "Test", "{3B48A747-5DD8-461B-A497-0EA1CD790D6C}"
EndProject
Project("{FAE04EC0-301F-11D3-BF4B-00C04F79EFBC}") = "Expenses.Api.Common", "..\Expenses.Api.Common\Expenses.Api.Common.csproj", "{D9E31031-E03A-49EF-8876-90F7A7ED8BC1}"
EndProject
Project("{FAE04EC0-301F-11D3-BF4B-00C04F79EFBC}") = "Expenses.Api.Models", "..\Expenses.Api.Models\Expenses.Api.Models.csproj", "{A430D237-D05A-4440-8F0F-76E25BEDDF78}"
EndProject
Project("{FAE04EC0-301F-11D3-BF4B-00C04F79EFBC}") = "Expenses.Data.Access", "..\Expenses.Data.Access\Expenses.Data.Access.csproj", "{8D49AC22-76D7-4259-9A94-208513EA1C90}"
EndProject
Project("{FAE04EC0-301F-11D3-BF4B-00C04F79EFBC}") = "Expenses.Data.Model", "..\Expenses.Data.Model\Expenses.Data.Model.csproj", "{DE9CA1F6-7C4F-48A3-9F0E-29E2B355430E}"
EndProject
Project("{FAE04EC0-301F-11D3-BF4B-00C04F79EFBC}") = "Expenses.Queries", "..\Expenses.Queries\Expenses.Queries.csproj", "{077C1BF3-F0E1-4554-AC38-1DBFFF3ED693}"
EndProject
Project("{FAE04EC0-301F-11D3-BF4B-00C04F79EFBC}") = "Expenses.Security", "..\Expenses.Security\Expenses.Security.csproj", "{5309D0DA-62A6-4729-A5E9-D240A5F90D0B}"
EndProject
Project("{FAE04EC0-301F-11D3-BF4B-00C04F79EFBC}") = "Expenses.Api.IntegrationTests", "..\Expenses.Api.IntegrationTests\Expenses.Api.IntegrationTests.csproj", "{0693C517-0F49-4F00-B3BC-854BE7C03D86}"
EndProject
Project("{FAE04EC0-301F-11D3-BF4B-00C04F79EFBC}") = "Expenses.Queries.Tests", "..\Expenses.Queries.Tests\Expenses.Queries.Tests.csproj", "{D83B167F-4138-48A5-A44F-FD07966898DB}"
EndProject
Global
	GlobalSection(SolutionConfigurationPlatforms) = preSolution
		Debug|Any CPU = Debug|Any CPU
		Release|Any CPU = Release|Any CPU
	EndGlobalSection
	GlobalSection(ProjectConfigurationPlatforms) = postSolution
		{38E52990-D001-4FD4-813F-D9316ED406DE}.Debug|Any CPU.ActiveCfg = Debug|Any CPU
		{38E52990-D001-4FD4-813F-D9316ED406DE}.Debug|Any CPU.Build.0 = Debug|Any CPU
		{38E52990-D001-4FD4-813F-D9316ED406DE}.Release|Any CPU.ActiveCfg = Release|Any CPU
		{38E52990-D001-4FD4-813F-D9316ED406DE}.Release|Any CPU.Build.0 = Release|Any CPU
		{D9E31031-E03A-49EF-8876-90F7A7ED8BC1}.Debug|Any CPU.ActiveCfg = Debug|Any CPU
		{D9E31031-E03A-49EF-8876-90F7A7ED8BC1}.Debug|Any CPU.Build.0 = Debug|Any CPU
		{D9E31031-E03A-49EF-8876-90F7A7ED8BC1}.Release|Any CPU.ActiveCfg = Release|Any CPU
		{D9E31031-E03A-49EF-8876-90F7A7ED8BC1}.Release|Any CPU.Build.0 = Release|Any CPU
		{A430D237-D05A-4440-8F0F-76E25BEDDF78}.Debug|Any CPU.ActiveCfg = Debug|Any CPU
		{A430D237-D05A-4440-8F0F-76E25BEDDF78}.Debug|Any CPU.Build.0 = Debug|Any CPU
		{A430D237-D05A-4440-8F0F-76E25BEDDF78}.Release|Any CPU.ActiveCfg = Release|Any CPU
		{A430D237-D05A-4440-8F0F-76E25BEDDF78}.Release|Any CPU.Build.0 = Release|Any CPU
		{8D49AC22-76D7-4259-9A94-208513EA1C90}.Debug|Any CPU.ActiveCfg = Debug|Any CPU
		{8D49AC22-76D7-4259-9A94-208513EA1C90}.Debug|Any CPU.Build.0 = Debug|Any CPU
		{8D49AC22-76D7-4259-9A94-208513EA1C90}.Release|Any CPU.ActiveCfg = Release|Any CPU
		{8D49AC22-76D7-4259-9A94-208513EA1C90}.Release|Any CPU.Build.0 = Release|Any CPU
		{DE9CA1F6-7C4F-48A3-9F0E-29E2B355430E}.Debug|Any CPU.ActiveCfg = Debug|Any CPU
		{DE9CA1F6-7C4F-48A3-9F0E-29E2B355430E}.Debug|Any CPU.Build.0 = Debug|Any CPU
		{DE9CA1F6-7C4F-48A3-9F0E-29E2B355430E}.Release|Any CPU.ActiveCfg = Release|Any CPU
		{DE9CA1F6-7C4F-48A3-9F0E-29E2B355430E}.Release|Any CPU.Build.0 = Release|Any CPU
		{077C1BF3-F0E1-4554-AC38-1DBFFF3ED693}.Debug|Any CPU.ActiveCfg = Debug|Any CPU
		{077C1BF3-F0E1-4554-AC38-1DBFFF3ED693}.Debug|Any CPU.Build.0 = Debug|Any CPU
		{077C1BF3-F0E1-4554-AC38-1DBFFF3ED693}.Release|Any CPU.ActiveCfg = Release|Any CPU
		{077C1BF3-F0E1-4554-AC38-1DBFFF3ED693}.Release|Any CPU.Build.0 = Release|Any CPU
		{5309D0DA-62A6-4729-A5E9-D240A5F90D0B}.Debug|Any CPU.ActiveCfg = Debug|Any CPU
		{5309D0DA-62A6-4729-A5E9-D240A5F90D0B}.Debug|Any CPU.Build.0 = Debug|Any CPU
		{5309D0DA-62A6-4729-A5E9-D240A5F90D0B}.Release|Any CPU.ActiveCfg = Release|Any CPU
		{5309D0DA-62A6-4729-A5E9-D240A5F90D0B}.Release|Any CPU.Build.0 = Release|Any CPU
		{0693C517-0F49-4F00-B3BC-854BE7C03D86}.Debug|Any CPU.ActiveCfg = Debug|Any CPU
		{0693C517-0F49-4F00-B3BC-854BE7C03D86}.Debug|Any CPU.Build.0 = Debug|Any CPU
		{0693C517-0F49-4F00-B3BC-854BE7C03D86}.Release|Any CPU.ActiveCfg = Release|Any CPU
		{0693C517-0F49-4F00-B3BC-854BE7C03D86}.Release|Any CPU.Build.0 = Release|Any CPU
		{D83B167F-4138-48A5-A44F-FD07966898DB}.Debug|Any CPU.ActiveCfg = Debug|Any CPU
		{D83B167F-4138-48A5-A44F-FD07966898DB}.Debug|Any CPU.Build.0 = Debug|Any CPU
		{D83B167F-4138-48A5-A44F-FD07966898DB}.Release|Any CPU.ActiveCfg = Release|Any CPU
		{D83B167F-4138-48A5-A44F-FD07966898DB}.Release|Any CPU.Build.0 = Release|Any CPU
	EndGlobalSection
	GlobalSection(SolutionProperties) = preSolution
		HideSolutionNode = FALSE
	EndGlobalSection
	GlobalSection(NestedProjects) = preSolution
		{38E52990-D001-4FD4-813F-D9316ED406DE} = {CDA7B63C-4B33-43BA-88BF-B6D363F511AB}
		{D9E31031-E03A-49EF-8876-90F7A7ED8BC1} = {CDA7B63C-4B33-43BA-88BF-B6D363F511AB}
		{A430D237-D05A-4440-8F0F-76E25BEDDF78} = {CDA7B63C-4B33-43BA-88BF-B6D363F511AB}
		{8D49AC22-76D7-4259-9A94-208513EA1C90} = {CDA7B63C-4B33-43BA-88BF-B6D363F511AB}
		{DE9CA1F6-7C4F-48A3-9F0E-29E2B355430E} = {CDA7B63C-4B33-43BA-88BF-B6D363F511AB}
		{077C1BF3-F0E1-4554-AC38-1DBFFF3ED693} = {CDA7B63C-4B33-43BA-88BF-B6D363F511AB}
		{5309D0DA-62A6-4729-A5E9-D240A5F90D0B} = {CDA7B63C-4B33-43BA-88BF-B6D363F511AB}
		{0693C517-0F49-4F00-B3BC-854BE7C03D86} = {3B48A747-5DD8-461B-A497-0EA1CD790D6C}
		{D83B167F-4138-48A5-A44F-FD07966898DB} = {3B48A747-5DD8-461B-A497-0EA1CD790D6C}
	EndGlobalSection
	GlobalSection(ExtensibilityGlobals) = postSolution
		SolutionGuid = {D6040F27-F20B-4309-B0C8-041A7D65F5D5}
	EndGlobalSection
EndGlobal
